
Microsoft Visual Studio Solution File, Format Version 12.00
# Visual Studio Version 17
VisualStudioVersion = 17.7.34221.43
MinimumVisualStudioVersion = 10.0.40219.1
Project("{9A19103F-16F7-4668-BE54-9A1E7A4F7556}") = "TelegramBOT", "TelegramBOT\TelegramBOT.csproj", "{4F9FD449-674B-46D5-85E2-C9CB9E37588E}"
EndProject
Project("{54A90642-561A-4BB1-A94E-469ADEE60C69}") = "FlashscoreScraping", "FlashscoreScraping\FlashscoreScraping.esproj", "{DBF9D426-761C-44DD-9CFE-DA88ADD3C6F4}"
EndProject
Global
	GlobalSection(SolutionConfigurationPlatforms) = preSolution
		Debug|Any CPU = Debug|Any CPU
		Release|Any CPU = Release|Any CPU
	EndGlobalSection
	GlobalSection(ProjectConfigurationPlatforms) = postSolution
		{4F9FD449-674B-46D5-85E2-C9CB9E37588E}.Debug|Any CPU.ActiveCfg = Debug|Any CPU
		{4F9FD449-674B-46D5-85E2-C9CB9E37588E}.Debug|Any CPU.Build.0 = Debug|Any CPU
		{4F9FD449-674B-46D5-85E2-C9CB9E37588E}.Release|Any CPU.ActiveCfg = Release|Any CPU
		{4F9FD449-674B-46D5-85E2-C9CB9E37588E}.Release|Any CPU.Build.0 = Release|Any CPU
		{DBF9D426-761C-44DD-9CFE-DA88ADD3C6F4}.Debug|Any CPU.ActiveCfg = Debug|Any CPU
		{DBF9D426-761C-44DD-9CFE-DA88ADD3C6F4}.Debug|Any CPU.Build.0 = Debug|Any CPU
		{DBF9D426-761C-44DD-9CFE-DA88ADD3C6F4}.Debug|Any CPU.Deploy.0 = Debug|Any CPU
		{DBF9D426-761C-44DD-9CFE-DA88ADD3C6F4}.Release|Any CPU.ActiveCfg = Release|Any CPU
		{DBF9D426-761C-44DD-9CFE-DA88ADD3C6F4}.Release|Any CPU.Build.0 = Release|Any CPU
		{DBF9D426-761C-44DD-9CFE-DA88ADD3C6F4}.Release|Any CPU.Deploy.0 = Release|Any CPU
	EndGlobalSection
	GlobalSection(SolutionProperties) = preSolution
		HideSolutionNode = FALSE
	EndGlobalSection
	GlobalSection(ExtensibilityGlobals) = postSolution
		SolutionGuid = {219510C6-0EB1-4F2C-9606-4D76C06AAD0D}
	EndGlobalSection
EndGlobal
